{
  "version": "v1",
  "packages": {
    "@citolab/qti-components": {
      "signature": "3cb310a4b2fd1a2e9b0df8d1fccfc229",
      "file": true,
      "replaced": "^7.26.0"
    },
    "@citolab/qti-convert-local-ai": {
      "signature": "b140accbe0b2b89f655484bc17b99821",
      "file": true,
      "replaced": "^0.4.7"
    }
  }
}